
Microsoft Visual Studio Solution File, Format Version 12.00
# Visual Studio Version 17
VisualStudioVersion = 17.2.32616.157
MinimumVisualStudioVersion = 10.0.40219.1
Project("{2150E333-8FDC-42A3-9474-1A3956D46DE8}") = "Solution Items", "Solution Items", "{71570FFF-0BEA-4AF7-8288-9E46627EA676}"
	ProjectSection(SolutionItems) = preProject
		.editorconfig = .editorconfig
		.gitattributes = .gitattributes
		.gitignore = .gitignore
		src\Directory.Build.props = src\Directory.Build.props
		Directory.Packages.props = Directory.Packages.props
	EndProjectSection
EndProject
Project("{9A19103F-16F7-4668-BE54-9A1E7A4F7556}") = "Esprima.Sample", "samples\Esprima.Sample\Esprima.Sample.csproj", "{5FD90FD9-BF45-407A-94D1-9B4360AFF9F7}"
EndProject
Project("{9A19103F-16F7-4668-BE54-9A1E7A4F7556}") = "Esprima", "src\Esprima\Esprima.csproj", "{C9C93BFD-D276-4537-8724-4268520BF3C6}"
EndProject
Project("{9A19103F-16F7-4668-BE54-9A1E7A4F7556}") = "Esprima.Tests", "test\Esprima.Tests\Esprima.Tests.csproj", "{4BCC2A35-C58B-4AD0-8DA2-48A686C203CE}"
EndProject
Project("{9A19103F-16F7-4668-BE54-9A1E7A4F7556}") = "Esprima.Benchmark", "samples\Esprima.Benchmark\Esprima.Benchmark.csproj", "{0E05EB4C-CEE3-4D68-90B8-1F0FCE0D2DCE}"
EndProject
Project("{9A19103F-16F7-4668-BE54-9A1E7A4F7556}") = "Esprima.Tests.Test262", "test\Esprima.Tests.Test262\Esprima.Tests.Test262.csproj", "{D006FF90-259B-4BFA-BB7E-C1985A520634}"
EndProject
Project("{2150E333-8FDC-42A3-9474-1A3956D46DE8}") = ".github", ".github", "{0B8DD64D-C014-4284-A608-05ED477EBCFA}"
EndProject
Project("{2150E333-8FDC-42A3-9474-1A3956D46DE8}") = "workflows", "workflows", "{59CAEBBB-3BDA-4894-A563-7D8E668B8A66}"
	ProjectSection(SolutionItems) = preProject
		.github\workflows\pr.yml = .github\workflows\pr.yml
		.github\workflows\release.yml = .github\workflows\release.yml
		.github\workflows\staging.yml = .github\workflows\staging.yml
	EndProjectSection
EndProject
Project("{9A19103F-16F7-4668-BE54-9A1E7A4F7556}") = "Esprima.SourceGenerators", "src\Esprima.SourceGenerators\Esprima.SourceGenerators.csproj", "{51AE7AAC-9585-4B71-873A-E3EC95F51E59}"
EndProject
Project("{FAE04EC0-301F-11D3-BF4B-00C04F79EFBC}") = "Esprima.Tests.SourceGenerators", "test\Esprima.Tests.SourceGenerators\Esprima.Tests.SourceGenerators.csproj", "{B93D05EF-F4A0-4069-A15A-D4F9F9F4A6B4}"
EndProject
Global
	GlobalSection(SolutionConfigurationPlatforms) = preSolution
		Debug|Any CPU = Debug|Any CPU
		Release|Any CPU = Release|Any CPU
	EndGlobalSection
	GlobalSection(ProjectConfigurationPlatforms) = postSolution
		{5FD90FD9-BF45-407A-94D1-9B4360AFF9F7}.Debug|Any CPU.ActiveCfg = Debug|Any CPU
		{5FD90FD9-BF45-407A-94D1-9B4360AFF9F7}.Debug|Any CPU.Build.0 = Debug|Any CPU
		{5FD90FD9-BF45-407A-94D1-9B4360AFF9F7}.Release|Any CPU.ActiveCfg = Release|Any CPU
		{5FD90FD9-BF45-407A-94D1-9B4360AFF9F7}.Release|Any CPU.Build.0 = Release|Any CPU
		{C9C93BFD-D276-4537-8724-4268520BF3C6}.Debug|Any CPU.ActiveCfg = Debug|Any CPU
		{C9C93BFD-D276-4537-8724-4268520BF3C6}.Debug|Any CPU.Build.0 = Debug|Any CPU
		{C9C93BFD-D276-4537-8724-4268520BF3C6}.Release|Any CPU.ActiveCfg = Release|Any CPU
		{C9C93BFD-D276-4537-8724-4268520BF3C6}.Release|Any CPU.Build.0 = Release|Any CPU
		{4BCC2A35-C58B-4AD0-8DA2-48A686C203CE}.Debug|Any CPU.ActiveCfg = Debug|Any CPU
		{4BCC2A35-C58B-4AD0-8DA2-48A686C203CE}.Debug|Any CPU.Build.0 = Debug|Any CPU
		{4BCC2A35-C58B-4AD0-8DA2-48A686C203CE}.Release|Any CPU.ActiveCfg = Release|Any CPU
		{4BCC2A35-C58B-4AD0-8DA2-48A686C203CE}.Release|Any CPU.Build.0 = Release|Any CPU
		{0E05EB4C-CEE3-4D68-90B8-1F0FCE0D2DCE}.Debug|Any CPU.ActiveCfg = Debug|Any CPU
		{0E05EB4C-CEE3-4D68-90B8-1F0FCE0D2DCE}.Debug|Any CPU.Build.0 = Debug|Any CPU
		{0E05EB4C-CEE3-4D68-90B8-1F0FCE0D2DCE}.Release|Any CPU.ActiveCfg = Release|Any CPU
		{0E05EB4C-CEE3-4D68-90B8-1F0FCE0D2DCE}.Release|Any CPU.Build.0 = Release|Any CPU
		{D006FF90-259B-4BFA-BB7E-C1985A520634}.Debug|Any CPU.ActiveCfg = Debug|Any CPU
		{D006FF90-259B-4BFA-BB7E-C1985A520634}.Debug|Any CPU.Build.0 = Debug|Any CPU
		{D006FF90-259B-4BFA-BB7E-C1985A520634}.Release|Any CPU.ActiveCfg = Release|Any CPU
		{D006FF90-259B-4BFA-BB7E-C1985A520634}.Release|Any CPU.Build.0 = Release|Any CPU
		{51AE7AAC-9585-4B71-873A-E3EC95F51E59}.Debug|Any CPU.ActiveCfg = Debug|Any CPU
		{51AE7AAC-9585-4B71-873A-E3EC95F51E59}.Debug|Any CPU.Build.0 = Debug|Any CPU
		{51AE7AAC-9585-4B71-873A-E3EC95F51E59}.Release|Any CPU.ActiveCfg = Release|Any CPU
		{51AE7AAC-9585-4B71-873A-E3EC95F51E59}.Release|Any CPU.Build.0 = Release|Any CPU
		{B93D05EF-F4A0-4069-A15A-D4F9F9F4A6B4}.Debug|Any CPU.ActiveCfg = Debug|Any CPU
		{B93D05EF-F4A0-4069-A15A-D4F9F9F4A6B4}.Debug|Any CPU.Build.0 = Debug|Any CPU
		{B93D05EF-F4A0-4069-A15A-D4F9F9F4A6B4}.Release|Any CPU.ActiveCfg = Release|Any CPU
		{B93D05EF-F4A0-4069-A15A-D4F9F9F4A6B4}.Release|Any CPU.Build.0 = Release|Any CPU
	EndGlobalSection
	GlobalSection(SolutionProperties) = preSolution
		HideSolutionNode = FALSE
	EndGlobalSection
	GlobalSection(NestedProjects) = preSolution
		{0B8DD64D-C014-4284-A608-05ED477EBCFA} = {71570FFF-0BEA-4AF7-8288-9E46627EA676}
		{59CAEBBB-3BDA-4894-A563-7D8E668B8A66} = {0B8DD64D-C014-4284-A608-05ED477EBCFA}
	EndGlobalSection
	GlobalSection(ExtensibilityGlobals) = postSolution
		SolutionGuid = {077EFD6B-7F31-451D-A880-C255FC083C39}
	EndGlobalSection
EndGlobal
